DEPENDENCIES
  clang
  hon
    path: site-cookbooks/hon
  rbenv
  yum
  yum-epel (>= 0.4.0)

GRAPH
  7-zip (1.0.2)
    windows (>= 1.2.2)
  apt (2.8.2)
  ark (0.9.0)
    7-zip (>= 0.0.0)
    windows (>= 0.0.0)
  build-essential (2.2.3)
  chef_handler (1.2.0)
  clang (0.1.1)
    ark (>= 0.0.0)
  dmg (2.2.2)
  git (4.3.4)
    build-essential (>= 0.0.0)
    dmg (>= 0.0.0)
    windows (>= 0.0.0)
    yum-epel (>= 0.0.0)
  hon (0.1.0)
  ohai (2.0.1)
  rbenv (1.7.1)
    apt (>= 0.0.0)
    build-essential (>= 0.0.0)
    git (>= 0.0.0)
    ohai (>= 1.1)
  windows (1.38.1)
    chef_handler (>= 0.0.0)
  yum (3.7.1)
  yum-epel (0.6.2)
    yum (~> 3.2)
